
Microsoft Visual Studio Solution File, Format Version 12.00
# Visual Studio Version 17
VisualStudioVersion = 17.6.33815.320
MinimumVisualStudioVersion = 10.0.40219.1
Project("{FAE04EC0-301F-11D3-BF4B-00C04F79EFBC}") = "ConsoleAppExercise66", "ConsoleAppExercise66.csproj", "{2EBF49F2-4A34-47FF-9E1C-19478C1B365F}"
EndProject
Global
	GlobalSection(SolutionConfigurationPlatforms) = preSolution
		Debug|Any CPU = Debug|Any CPU
		Release|Any CPU = Release|Any CPU
	EndGlobalSection
	GlobalSection(ProjectConfigurationPlatforms) = postSolution
		{2EBF49F2-4A34-47FF-9E1C-19478C1B365F}.Debug|Any CPU.ActiveCfg = Debug|Any CPU
		{2EBF49F2-4A34-47FF-9E1C-19478C1B365F}.Debug|Any CPU.Build.0 = Debug|Any CPU
		{2EBF49F2-4A34-47FF-9E1C-19478C1B365F}.Release|Any CPU.ActiveCfg = Release|Any CPU
		{2EBF49F2-4A34-47FF-9E1C-19478C1B365F}.Release|Any CPU.Build.0 = Release|Any CPU
	EndGlobalSection
	GlobalSection(SolutionProperties) = preSolution
		HideSolutionNode = FALSE
	EndGlobalSection
	GlobalSection(ExtensibilityGlobals) = postSolution
		SolutionGuid = {118607D5-4F53-4C7A-AF92-CDEC6219A557}
	EndGlobalSection
EndGlobal
